
Microsoft Visual Studio Solution File, Format Version 12.00
# Visual Studio Version 16
VisualStudioVersion = 16.0.31729.503
MinimumVisualStudioVersion = 10.0.40219.1
Project("{FAE04EC0-301F-11D3-BF4B-00C04F79EFBC}") = "CRUD.WinFormsApp", "CRUD.WinFormsApp\CRUD.WinFormsApp.csproj", "{5C010BA6-D511-4AC9-A2D8-69AB5AF00D92}"
EndProject
Project("{FAE04EC0-301F-11D3-BF4B-00C04F79EFBC}") = "CRUD.Repository", "Repository\CRUD.Repository.csproj", "{32FDF15E-70B5-4E6A-83E8-F901C881E515}"
EndProject
Project("{FAE04EC0-301F-11D3-BF4B-00C04F79EFBC}") = "CRUD.Domain", "CRUD.DOMAIN\CRUD.Domain.csproj", "{218280DE-5AA4-4C55-B0A0-77A39446EABF}"
EndProject
Global
	GlobalSection(SolutionConfigurationPlatforms) = preSolution
		Debug|Any CPU = Debug|Any CPU
		Release|Any CPU = Release|Any CPU
	EndGlobalSection
	GlobalSection(ProjectConfigurationPlatforms) = postSolution
		{5C010BA6-D511-4AC9-A2D8-69AB5AF00D92}.Debug|Any CPU.ActiveCfg = Debug|Any CPU
		{5C010BA6-D511-4AC9-A2D8-69AB5AF00D92}.Debug|Any CPU.Build.0 = Debug|Any CPU
		{5C010BA6-D511-4AC9-A2D8-69AB5AF00D92}.Release|Any CPU.ActiveCfg = Release|Any CPU
		{5C010BA6-D511-4AC9-A2D8-69AB5AF00D92}.Release|Any CPU.Build.0 = Release|Any CPU
		{32FDF15E-70B5-4E6A-83E8-F901C881E515}.Debug|Any CPU.ActiveCfg = Debug|Any CPU
		{32FDF15E-70B5-4E6A-83E8-F901C881E515}.Debug|Any CPU.Build.0 = Debug|Any CPU
		{32FDF15E-70B5-4E6A-83E8-F901C881E515}.Release|Any CPU.ActiveCfg = Release|Any CPU
		{32FDF15E-70B5-4E6A-83E8-F901C881E515}.Release|Any CPU.Build.0 = Release|Any CPU
		{218280DE-5AA4-4C55-B0A0-77A39446EABF}.Debug|Any CPU.ActiveCfg = Debug|Any CPU
		{218280DE-5AA4-4C55-B0A0-77A39446EABF}.Debug|Any CPU.Build.0 = Debug|Any CPU
		{218280DE-5AA4-4C55-B0A0-77A39446EABF}.Release|Any CPU.ActiveCfg = Release|Any CPU
		{218280DE-5AA4-4C55-B0A0-77A39446EABF}.Release|Any CPU.Build.0 = Release|Any CPU
	EndGlobalSection
	GlobalSection(SolutionProperties) = preSolution
		HideSolutionNode = FALSE
	EndGlobalSection
	GlobalSection(ExtensibilityGlobals) = postSolution
		SolutionGuid = {0DC0420A-92DD-49C4-98B9-44D5B3D8BF3F}
	EndGlobalSection
EndGlobal
